
Microsoft Visual Studio Solution File, Format Version 12.00
# Visual Studio 14
VisualStudioVersion = 14.0.25123.0
MinimumVisualStudioVersion = 10.0.40219.1
Project("{FAE04EC0-301F-11D3-BF4B-00C04F79EFBC}") = "ClassLibraryLogicBook", "ClassLibraryLogicBook\ClassLibraryLogicBook.csproj", "{4AD7E63F-5A4B-4A6D-AF20-2BC45C829AD8}"
EndProject
Project("{FAE04EC0-301F-11D3-BF4B-00C04F79EFBC}") = "ClassLibraryLogicBookNUnit", "ClassLibraryLogicBookNUnit\ClassLibraryLogicBookNUnit.csproj", "{5FED187C-C6D0-4C1C-B34E-50AF0217DBBE}"
EndProject
Project("{FAE04EC0-301F-11D3-BF4B-00C04F79EFBC}") = "ClassLibraryLogicShape", "ClassLibraryLogicShape\ClassLibraryLogicShape.csproj", "{5CEA4A33-18F7-4121-8D92-8132F60EECE5}"
EndProject
Global
	GlobalSection(SolutionConfigurationPlatforms) = preSolution
		Debug|Any CPU = Debug|Any CPU
		Release|Any CPU = Release|Any CPU
	EndGlobalSection
	GlobalSection(ProjectConfigurationPlatforms) = postSolution
		{4AD7E63F-5A4B-4A6D-AF20-2BC45C829AD8}.Debug|Any CPU.ActiveCfg = Debug|Any CPU
		{4AD7E63F-5A4B-4A6D-AF20-2BC45C829AD8}.Debug|Any CPU.Build.0 = Debug|Any CPU
		{4AD7E63F-5A4B-4A6D-AF20-2BC45C829AD8}.Release|Any CPU.ActiveCfg = Release|Any CPU
		{4AD7E63F-5A4B-4A6D-AF20-2BC45C829AD8}.Release|Any CPU.Build.0 = Release|Any CPU
		{5FED187C-C6D0-4C1C-B34E-50AF0217DBBE}.Debug|Any CPU.ActiveCfg = Debug|Any CPU
		{5FED187C-C6D0-4C1C-B34E-50AF0217DBBE}.Debug|Any CPU.Build.0 = Debug|Any CPU
		{5FED187C-C6D0-4C1C-B34E-50AF0217DBBE}.Release|Any CPU.ActiveCfg = Release|Any CPU
		{5FED187C-C6D0-4C1C-B34E-50AF0217DBBE}.Release|Any CPU.Build.0 = Release|Any CPU
		{5CEA4A33-18F7-4121-8D92-8132F60EECE5}.Debug|Any CPU.ActiveCfg = Debug|Any CPU
		{5CEA4A33-18F7-4121-8D92-8132F60EECE5}.Debug|Any CPU.Build.0 = Debug|Any CPU
		{5CEA4A33-18F7-4121-8D92-8132F60EECE5}.Release|Any CPU.ActiveCfg = Release|Any CPU
		{5CEA4A33-18F7-4121-8D92-8132F60EECE5}.Release|Any CPU.Build.0 = Release|Any CPU
	EndGlobalSection
	GlobalSection(SolutionProperties) = preSolution
		HideSolutionNode = FALSE
	EndGlobalSection
EndGlobal
